
Microsoft Visual Studio Solution File, Format Version 12.00
# Visual Studio Version 17
VisualStudioVersion = 17.4.33213.308
MinimumVisualStudioVersion = 10.0.40219.1
Project("{FAE04EC0-301F-11D3-BF4B-00C04F79EFBC}") = "COMP003A.LectureActivity5", "COMP003A.LectureActivity5\COMP003A.LectureActivity5.csproj", "{EAB80B0C-A0A2-4893-A1C1-3B6547FADFC6}"
EndProject
Global
	GlobalSection(SolutionConfigurationPlatforms) = preSolution
		Debug|Any CPU = Debug|Any CPU
		Release|Any CPU = Release|Any CPU
	EndGlobalSection
	GlobalSection(ProjectConfigurationPlatforms) = postSolution
		{EAB80B0C-A0A2-4893-A1C1-3B6547FADFC6}.Debug|Any CPU.ActiveCfg = Debug|Any CPU
		{EAB80B0C-A0A2-4893-A1C1-3B6547FADFC6}.Debug|Any CPU.Build.0 = Debug|Any CPU
		{EAB80B0C-A0A2-4893-A1C1-3B6547FADFC6}.Release|Any CPU.ActiveCfg = Release|Any CPU
		{EAB80B0C-A0A2-4893-A1C1-3B6547FADFC6}.Release|Any CPU.Build.0 = Release|Any CPU
	EndGlobalSection
	GlobalSection(SolutionProperties) = preSolution
		HideSolutionNode = FALSE
	EndGlobalSection
	GlobalSection(ExtensibilityGlobals) = postSolution
		SolutionGuid = {A53618F4-4230-469D-9053-DDC17F243077}
	EndGlobalSection
EndGlobal
